
Microsoft Visual Studio Solution File, Format Version 12.00
# Visual Studio Version 17
VisualStudioVersion = 17.14.36414.22 d17.14
MinimumVisualStudioVersion = 10.0.40219.1
Project("{FAE04EC0-301F-11D3-BF4B-00C04F79EFBC}") = "Traditional", "Traditional\Traditional.csproj", "{BCC6FC97-A39A-424F-8D6F-F64C45E16954}"
EndProject
Project("{FAE04EC0-301F-11D3-BF4B-00C04F79EFBC}") = "Channels.SimpleExample", "Channels.SimpleExample\Channels.SimpleExample.csproj", "{30862C67-8DEB-4359-85FC-7FC9C5F5C042}"
EndProject
Project("{FAE04EC0-301F-11D3-BF4B-00C04F79EFBC}") = "UnboundedChannel", "UnboundedChannel\UnboundedChannel.csproj", "{99DA46A5-C8FA-4540-94C6-575C211E444D}"
EndProject
Global
	GlobalSection(SolutionConfigurationPlatforms) = preSolution
		Debug|Any CPU = Debug|Any CPU
		Release|Any CPU = Release|Any CPU
	EndGlobalSection
	GlobalSection(ProjectConfigurationPlatforms) = postSolution
		{BCC6FC97-A39A-424F-8D6F-F64C45E16954}.Debug|Any CPU.ActiveCfg = Debug|Any CPU
		{BCC6FC97-A39A-424F-8D6F-F64C45E16954}.Debug|Any CPU.Build.0 = Debug|Any CPU
		{BCC6FC97-A39A-424F-8D6F-F64C45E16954}.Release|Any CPU.ActiveCfg = Release|Any CPU
		{BCC6FC97-A39A-424F-8D6F-F64C45E16954}.Release|Any CPU.Build.0 = Release|Any CPU
		{30862C67-8DEB-4359-85FC-7FC9C5F5C042}.Debug|Any CPU.ActiveCfg = Debug|Any CPU
		{30862C67-8DEB-4359-85FC-7FC9C5F5C042}.Debug|Any CPU.Build.0 = Debug|Any CPU
		{30862C67-8DEB-4359-85FC-7FC9C5F5C042}.Release|Any CPU.ActiveCfg = Release|Any CPU
		{30862C67-8DEB-4359-85FC-7FC9C5F5C042}.Release|Any CPU.Build.0 = Release|Any CPU
		{99DA46A5-C8FA-4540-94C6-575C211E444D}.Debug|Any CPU.ActiveCfg = Debug|Any CPU
		{99DA46A5-C8FA-4540-94C6-575C211E444D}.Debug|Any CPU.Build.0 = Debug|Any CPU
		{99DA46A5-C8FA-4540-94C6-575C211E444D}.Release|Any CPU.ActiveCfg = Release|Any CPU
		{99DA46A5-C8FA-4540-94C6-575C211E444D}.Release|Any CPU.Build.0 = Release|Any CPU
	EndGlobalSection
	GlobalSection(SolutionProperties) = preSolution
		HideSolutionNode = FALSE
	EndGlobalSection
	GlobalSection(ExtensibilityGlobals) = postSolution
		SolutionGuid = {BC043829-448A-441F-A7DC-229A672D100E}
	EndGlobalSection
EndGlobal
